
Microsoft Visual Studio Solution File, Format Version 12.00
Project("{FAE04EC0-301F-11D3-BF4B-00C04F79EFBC}") = "ACLGithub", "ACLGithub\ACLGithub.csproj", "{3D124702-2F60-48C1-B7EE-64DE5DBAB223}"
EndProject
Global
	GlobalSection(SolutionConfigurationPlatforms) = preSolution
		Debug|Any CPU = Debug|Any CPU
		Release|Any CPU = Release|Any CPU
	EndGlobalSection
	GlobalSection(ProjectConfigurationPlatforms) = postSolution
		{3D124702-2F60-48C1-B7EE-64DE5DBAB223}.Debug|Any CPU.ActiveCfg = Debug|Any CPU
		{3D124702-2F60-48C1-B7EE-64DE5DBAB223}.Debug|Any CPU.Build.0 = Debug|Any CPU
		{3D124702-2F60-48C1-B7EE-64DE5DBAB223}.Release|Any CPU.ActiveCfg = Release|Any CPU
		{3D124702-2F60-48C1-B7EE-64DE5DBAB223}.Release|Any CPU.Build.0 = Release|Any CPU
	EndGlobalSection
EndGlobal
